
Microsoft Visual Studio Solution File, Format Version 12.00
# Visual Studio Version 17
VisualStudioVersion = 17.2.32602.215
MinimumVisualStudioVersion = 10.0.40219.1
Project("{FAE04EC0-301F-11D3-BF4B-00C04F79EFBC}") = "5th july", "5th july\5th july.csproj", "{9970D875-5B70-411E-BC32-BE853D23C8C2}"
EndProject
Global
	GlobalSection(SolutionConfigurationPlatforms) = preSolution
		Debug|Any CPU = Debug|Any CPU
		Release|Any CPU = Release|Any CPU
	EndGlobalSection
	GlobalSection(ProjectConfigurationPlatforms) = postSolution
		{9970D875-5B70-411E-BC32-BE853D23C8C2}.Debug|Any CPU.ActiveCfg = Debug|Any CPU
		{9970D875-5B70-411E-BC32-BE853D23C8C2}.Debug|Any CPU.Build.0 = Debug|Any CPU
		{9970D875-5B70-411E-BC32-BE853D23C8C2}.Release|Any CPU.ActiveCfg = Release|Any CPU
		{9970D875-5B70-411E-BC32-BE853D23C8C2}.Release|Any CPU.Build.0 = Release|Any CPU
	EndGlobalSection
	GlobalSection(SolutionProperties) = preSolution
		HideSolutionNode = FALSE
	EndGlobalSection
	GlobalSection(ExtensibilityGlobals) = postSolution
		SolutionGuid = {278A483B-AA3C-495C-BA27-E15852A56BB0}
	EndGlobalSection
EndGlobal
