
Microsoft Visual Studio Solution File, Format Version 12.00
# Visual Studio Version 17
VisualStudioVersion = 17.2.32602.215
MinimumVisualStudioVersion = 10.0.40219.1
Project("{FAE04EC0-301F-11D3-BF4B-00C04F79EFBC}") = "shapes area and perimeter", "shapes area and perimeter.csproj", "{6FDC9F99-D987-4F8A-BEDD-6F61E85C87FA}"
EndProject
Global
	GlobalSection(SolutionConfigurationPlatforms) = preSolution
		Debug|Any CPU = Debug|Any CPU
		Release|Any CPU = Release|Any CPU
	EndGlobalSection
	GlobalSection(ProjectConfigurationPlatforms) = postSolution
		{6FDC9F99-D987-4F8A-BEDD-6F61E85C87FA}.Debug|Any CPU.ActiveCfg = Debug|Any CPU
		{6FDC9F99-D987-4F8A-BEDD-6F61E85C87FA}.Debug|Any CPU.Build.0 = Debug|Any CPU
		{6FDC9F99-D987-4F8A-BEDD-6F61E85C87FA}.Release|Any CPU.ActiveCfg = Release|Any CPU
		{6FDC9F99-D987-4F8A-BEDD-6F61E85C87FA}.Release|Any CPU.Build.0 = Release|Any CPU
	EndGlobalSection
	GlobalSection(SolutionProperties) = preSolution
		HideSolutionNode = FALSE
	EndGlobalSection
	GlobalSection(ExtensibilityGlobals) = postSolution
		SolutionGuid = {24847B95-2784-4BB1-A584-13BA43768EBF}
	EndGlobalSection
EndGlobal
